// !$*UTF8*$!
{
	archiveVersion = 1;
	classes = {
	};
	objectVersion = 46;
	objects = {

/* Begin PBXBuildFile section */
		923753CF1789F59800B6C2C7 /* UIKit.framework in Frameworks */ = {isa = PBXBuildFile; fileRef = 923753CE1789F59800B6C2C7 /* UIKit.framework */; };
		923753D11789F59800B6C2C7 /* Foundation.framework in Frameworks */ = {isa = PBXBuildFile; fileRef = 923753D01789F59800B6C2C7 /* Foundation.framework */; };
		923753D31789F59800B6C2C7 /* CoreGraphics.framework in Frameworks */ = {isa = PBXBuildFile; fileRef = 923753D21789F59800B6C2C7 /* CoreGraphics.framework */; };
		923753D91789F59800B6C2C7 /* InfoPlist.strings in Resources */ = {isa = PBXBuildFile; fileRef = 923753D71789F59800B6C2C7 /* InfoPlist.strings */; };
		923753DB1789F59800B6C2C7 /* main.m in Sources */ = {isa = PBXBuildFile; fileRef = 923753DA1789F59800B6C2C7 /* main.m */; };
		923753DF1789F59800B6C2C7 /* AppDelegate.m in Sources */ = {isa = PBXBuildFile; fileRef = 923753DE1789F59800B6C2C7 /* AppDelegate.m */; };
		923753E11789F59800B6C2C7 /* Default.png in Resources */ = {isa = PBXBuildFile; fileRef = 923753E01789F59800B6C2C7 /* Default.png */; };
		923753E31789F59800B6C2C7 /* Default@2x.png in Resources */ = {isa = PBXBuildFile; fileRef = 923753E21789F59800B6C2C7 /* Default@2x.png */; };
		923753E51789F59800B6C2C7 /* Default-568h@2x.png in Resources */ = {isa = PBXBuildFile; fileRef = 923753E41789F59800B6C2C7 /* Default-568h@2x.png */; };
		923753EC1789F5B200B6C2C7 /* QuartzCore.framework in Frameworks */ = {isa = PBXBuildFile; fileRef = 923753EB1789F5B200B6C2C7 /* QuartzCore.framework */; };
		923753FF1789F95400B6C2C7 /* MMDrawerBarButtonItem.m in Sources */ = {isa = PBXBuildFile; fileRef = 923753F81789F95400B6C2C7 /* MMDrawerBarButtonItem.m */; };
		923754001789F95400B6C2C7 /* MMDrawerController.m in Sources */ = {isa = PBXBuildFile; fileRef = 923753FA1789F95400B6C2C7 /* MMDrawerController.m */; };
		923754011789F95400B6C2C7 /* MMDrawerVisualState.m in Sources */ = {isa = PBXBuildFile; fileRef = 923753FC1789F95400B6C2C7 /* MMDrawerVisualState.m */; };
		923754021789F95400B6C2C7 /* UIViewController+MMDrawerController.m in Sources */ = {isa = PBXBuildFile; fileRef = 923753FE1789F95400B6C2C7 /* UIViewController+MMDrawerController.m */; };
/* End PBXBuildFile section */

/* Begin PBXFileReference section */
		923753CB1789F59800B6C2C7 /* FootBallApps.app */ = {isa = PBXFileReference; explicitFileType = wrapper.application; includeInIndex = 0; path = FootBallApps.app; sourceTree = BUILT_PRODUCTS_DIR; };
		923753CE1789F59800B6C2C7 /* UIKit.framework */ = {isa = PBXFileReference; lastKnownFileType = wrapper.framework; name = UIKit.framework; path = System/Library/Frameworks/UIKit.framework; sourceTree = SDKROOT; };
		923753D01789F59800B6C2C7 /* Foundation.framework */ = {isa = PBXFileReference; lastKnownFileType = wrapper.framework; name = Foundation.framework; path = System/Library/Frameworks/Foundation.framework; sourceTree = SDKROOT; };
		923753D21789F59800B6C2C7 /* CoreGraphics.framework */ = {isa = PBXFileReference; lastKnownFileType = wrapper.framework; name = CoreGraphics.framework; path = System/Library/Frameworks/CoreGraphics.framework; sourceTree = SDKROOT; };
		923753D61789F59800B6C2C7 /* FootBallApps-Info.plist */ = {isa = PBXFileReference; lastKnownFileType = text.plist.xml; path = "FootBallApps-Info.plist"; sourceTree = "<group>"; };
		923753D81789F59800B6C2C7 /* en */ = {isa = PBXFileReference; lastKnownFileType = text.plist.strings; name = en; path = en.lproj/InfoPlist.strings; sourceTree = "<group>"; };
		923753DA1789F59800B6C2C7 /* main.m */ = {isa = PBXFileReference; lastKnownFileType = sourcecode.c.objc; path = main.m; sourceTree = "<group>"; };
		923753DC1789F59800B6C2C7 /* FootBallApps-Prefix.pch */ = {isa = PBXFileReference; lastKnownFileType = sourcecode.c.h; path = "FootBallApps-Prefix.pch"; sourceTree = "<group>"; };
		923753DD1789F59800B6C2C7 /* AppDelegate.h */ = {isa = PBXFileReference; lastKnownFileType = sourcecode.c.h; path = AppDelegate.h; sourceTree = "<group>"; };
		923753DE1789F59800B6C2C7 /* AppDelegate.m */ = {isa = PBXFileReference; lastKnownFileType = sourcecode.c.objc; path = AppDelegate.m; sourceTree = "<group>"; };
		923753E01789F59800B6C2C7 /* Default.png */ = {isa = PBXFileReference; lastKnownFileType = image.png; path = Default.png; sourceTree = "<group>"; };
		923753E21789F59800B6C2C7 /* Default@2x.png */ = {isa = PBXFileReference; lastKnownFileType = image.png; path = "Default@2x.png"; sourceTree = "<group>"; };
		923753E41789F59800B6C2C7 /* Default-568h@2x.png */ = {isa = PBXFileReference; lastKnownFileType = image.png; path = "Default-568h@2x.png"; sourceTree = "<group>"; };
		923753EB1789F5B200B6C2C7 /* QuartzCore.framework */ = {isa = PBXFileReference; lastKnownFileType = wrapper.framework; name = QuartzCore.framework; path = System/Library/Frameworks/QuartzCore.framework; sourceTree = SDKROOT; };
		923753F21789F78C00B6C2C7 /* AppKeyStore.h */ = {isa = PBXFileReference; fileEncoding = 4; lastKnownFileType = sourcecode.c.h; path = AppKeyStore.h; sourceTree = "<group>"; };
		923753F71789F95400B6C2C7 /* MMDrawerBarButtonItem.h */ = {isa = PBXFileReference; fileEncoding = 4; lastKnownFileType = sourcecode.c.h; name = MMDrawerBarButtonItem.h; path = CustomFrameworks/MMDrawerBarButtonItem.h; sourceTree = "<group>"; };
		923753F81789F95400B6C2C7 /* MMDrawerBarButtonItem.m */ = {isa = PBXFileReference; fileEncoding = 4; lastKnownFileType = sourcecode.c.objc; name = MMDrawerBarButtonItem.m; path = CustomFrameworks/MMDrawerBarButtonItem.m; sourceTree = "<group>"; };
		923753F91789F95400B6C2C7 /* MMDrawerController.h */ = {isa = PBXFileReference; fileEncoding = 4; lastKnownFileType = sourcecode.c.h; name = MMDrawerController.h; path = CustomFrameworks/MMDrawerController.h; sourceTree = "<group>"; };
		923753FA1789F95400B6C2C7 /* MMDrawerController.m */ = {isa = PBXFileReference; fileEncoding = 4; lastKnownFileType = sourcecode.c.objc; name = MMDrawerController.m; path = CustomFrameworks/MMDrawerController.m; sourceTree = "<group>"; };
		923753FB1789F95400B6C2C7 /* MMDrawerVisualState.h */ = {isa = PBXFileReference; fileEncoding = 4; lastKnownFileType = sourcecode.c.h; name = MMDrawerVisualState.h; path = CustomFrameworks/MMDrawerVisualState.h; sourceTree = "<group>"; };
		923753FC1789F95400B6C2C7 /* MMDrawerVisualState.m */ = {isa = PBXFileReference; fileEncoding = 4; lastKnownFileType = sourcecode.c.objc; name = MMDrawerVisualState.m; path = CustomFrameworks/MMDrawerVisualState.m; sourceTree = "<group>"; };
		923753FD1789F95400B6C2C7 /* UIViewController+MMDrawerController.h */ = {isa = PBXFileReference; fileEncoding = 4; lastKnownFileType = sourcecode.c.h; name = "UIViewController+MMDrawerController.h"; path = "CustomFrameworks/UIViewController+MMDrawerController.h"; sourceTree = "<group>"; };
		923753FE1789F95400B6C2C7 /* UIViewController+MMDrawerController.m */ = {isa = PBXFileReference; fileEncoding = 4; lastKnownFileType = sourcecode.c.objc; name = "UIViewController+MMDrawerController.m"; path = "CustomFrameworks/UIViewController+MMDrawerController.m"; sourceTree = "<group>"; };
/* End PBXFileReference section */

/* Begin PBXFrameworksBuildPhase section */
		923753C81789F59800B6C2C7 /* Frameworks */ = {
			isa = PBXFrameworksBuildPhase;
			buildActionMask = 2147483647;
			files = (
				923753EC1789F5B200B6C2C7 /* QuartzCore.framework in Frameworks */,
				923753CF1789F59800B6C2C7 /* UIKit.framework in Frameworks */,
				923753D11789F59800B6C2C7 /* Foundation.framework in Frameworks */,
				923753D31789F59800B6C2C7 /* CoreGraphics.framework in Frameworks */,
			);
			runOnlyForDeploymentPostprocessing = 0;
		};
/* End PBXFrameworksBuildPhase section */

/* Begin PBXGroup section */
		923753C21789F59800B6C2C7 = {
			isa = PBXGroup;
			children = (
				923753D41789F59800B6C2C7 /* FootBallApps */,
				923753CD1789F59800B6C2C7 /* Frameworks */,
				923753CC1789F59800B6C2C7 /* Products */,
			);
			sourceTree = "<group>";
		};
		923753CC1789F59800B6C2C7 /* Products */ = {
			isa = PBXGroup;
			children = (
				923753CB1789F59800B6C2C7 /* FootBallApps.app */,
			);
			name = Products;
			sourceTree = "<group>";
		};
		923753CD1789F59800B6C2C7 /* Frameworks */ = {
			isa = PBXGroup;
			children = (
				923753F61789F92300B6C2C7 /* CustomFrameworks */,
				923753EB1789F5B200B6C2C7 /* QuartzCore.framework */,
				923753CE1789F59800B6C2C7 /* UIKit.framework */,
				923753D01789F59800B6C2C7 /* Foundation.framework */,
				923753D21789F59800B6C2C7 /* CoreGraphics.framework */,
			);
			name = Frameworks;
			sourceTree = "<group>";
		};
		923753D41789F59800B6C2C7 /* FootBallApps */ = {
			isa = PBXGroup;
			children = (
				923753F51789F89A00B6C2C7 /* Common */,
				923753EF1789F62300B6C2C7 /* Manager */,
				923753EE1789F60C00B6C2C7 /* Model */,
				923753ED1789F5F800B6C2C7 /* Modules */,
				923753DD1789F59800B6C2C7 /* AppDelegate.h */,
				923753DE1789F59800B6C2C7 /* AppDelegate.m */,
				923753F21789F78C00B6C2C7 /* AppKeyStore.h */,
				923753D51789F59800B6C2C7 /* Supporting Files */,
			);
			path = FootBallApps;
			sourceTree = "<group>";
		};
		923753D51789F59800B6C2C7 /* Supporting Files */ = {
			isa = PBXGroup;
			children = (
				923753D61789F59800B6C2C7 /* FootBallApps-Info.plist */,
				923753D71789F59800B6C2C7 /* InfoPlist.strings */,
				923753DA1789F59800B6C2C7 /* main.m */,
				923753DC1789F59800B6C2C7 /* FootBallApps-Prefix.pch */,
				923753E01789F59800B6C2C7 /* Default.png */,
				923753E21789F59800B6C2C7 /* Default@2x.png */,
				923753E41789F59800B6C2C7 /* Default-568h@2x.png */,
			);
			name = "Supporting Files";
			sourceTree = "<group>";
		};
		923753ED1789F5F800B6C2C7 /* Modules */ = {
			isa = PBXGroup;
			children = (
			);
			name = Modules;
			sourceTree = "<group>";
		};
		923753EE1789F60C00B6C2C7 /* Model */ = {
			isa = PBXGroup;
			children = (
			);
			name = Model;
			sourceTree = "<group>";
		};
		923753EF1789F62300B6C2C7 /* Manager */ = {
			isa = PBXGroup;
			children = (
			);
			name = Manager;
			sourceTree = "<group>";
		};
		923753F01789F62E00B6C2C7 /* CustomView */ = {
			isa = PBXGroup;
			children = (
			);
			name = CustomView;
			sourceTree = "<group>";
		};
		923753F11789F63800B6C2C7 /* Util */ = {
			isa = PBXGroup;
			children = (
			);
			name = Util;
			sourceTree = "<group>";
		};
		923753F51789F89A00B6C2C7 /* Common */ = {
			isa = PBXGroup;
			children = (
				923753F01789F62E00B6C2C7 /* CustomView */,
				923753F11789F63800B6C2C7 /* Util */,
			);
			name = Common;
			sourceTree = "<group>";
		};
		923753F61789F92300B6C2C7 /* CustomFrameworks */ = {
			isa = PBXGroup;
			children = (
				923753F71789F95400B6C2C7 /* MMDrawerBarButtonItem.h */,
				923753F81789F95400B6C2C7 /* MMDrawerBarButtonItem.m */,
				923753F91789F95400B6C2C7 /* MMDrawerController.h */,
				923753FA1789F95400B6C2C7 /* MMDrawerController.m */,
				923753FB1789F95400B6C2C7 /* MMDrawerVisualState.h */,
				923753FC1789F95400B6C2C7 /* MMDrawerVisualState.m */,
				923753FD1789F95400B6C2C7 /* UIViewController+MMDrawerController.h */,
				923753FE1789F95400B6C2C7 /* UIViewController+MMDrawerController.m */,
			);
			name = CustomFrameworks;
			sourceTree = "<group>";
		};
/* End PBXGroup section */

/* Begin PBXNativeTarget section */
		923753CA1789F59800B6C2C7 /* FootBallApps */ = {
			isa = PBXNativeTarget;
			buildConfigurationList = 923753E81789F59800B6C2C7 /* Build configuration list for PBXNativeTarget "FootBallApps" */;
			buildPhases = (
				923753C71789F59800B6C2C7 /* Sources */,
				923753C81789F59800B6C2C7 /* Frameworks */,
				923753C91789F59800B6C2C7 /* Resources */,
			);
			buildRules = (
			);
			dependencies = (
			);
			name = FootBallApps;
			productName = FootBallApps;
			productReference = 923753CB1789F59800B6C2C7 /* FootBallApps.app */;
			productType = "com.apple.product-type.application";
		};
/* End PBXNativeTarget section */

/* Begin PBXProject section */
		923753C31789F59800B6C2C7 /* Project object */ = {
			isa = PBXProject;
			attributes = {
				LastUpgradeCheck = 0460;
				ORGANIZATIONNAME = yuninfo;
			};
			buildConfigurationList = 923753C61789F59800B6C2C7 /* Build configuration list for PBXProject "FootBallApps" */;
			compatibilityVersion = "Xcode 3.2";
			developmentRegion = English;
			hasScannedForEncodings = 0;
			knownRegions = (
				en,
			);
			mainGroup = 923753C21789F59800B6C2C7;
			productRefGroup = 923753CC1789F59800B6C2C7 /* Products */;
			projectDirPath = "";
			projectRoot = "";
			targets = (
				923753CA1789F59800B6C2C7 /* FootBallApps */,
			);
		};
/* End PBXProject section */

/* Begin PBXResourcesBuildPhase section */
		923753C91789F59800B6C2C7 /* Resources */ = {
			isa = PBXResourcesBuildPhase;
			buildActionMask = 2147483647;
			files = (
				923753D91789F59800B6C2C7 /* InfoPlist.strings in Resources */,
				923753E11789F59800B6C2C7 /* Default.png in Resources */,
				923753E31789F59800B6C2C7 /* Default@2x.png in Resources */,
				923753E51789F59800B6C2C7 /* Default-568h@2x.png in Resources */,
			);
			runOnlyForDeploymentPostprocessing = 0;
		};
/* End PBXResourcesBuildPhase section */

/* Begin PBXSourcesBuildPhase section */
		923753C71789F59800B6C2C7 /* Sources */ = {
			isa = PBXSourcesBuildPhase;
			buildActionMask = 2147483647;
			files = (
				923753DB1789F59800B6C2C7 /* main.m in Sources */,
				923753DF1789F59800B6C2C7 /* AppDelegate.m in Sources */,
				923753FF1789F95400B6C2C7 /* MMDrawerBarButtonItem.m in Sources */,
				923754001789F95400B6C2C7 /* MMDrawerController.m in Sources */,
				923754011789F95400B6C2C7 /* MMDrawerVisualState.m in Sources */,
				923754021789F95400B6C2C7 /* UIViewController+MMDrawerController.m in Sources */,
			);
			runOnlyForDeploymentPostprocessing = 0;
		};
/* End PBXSourcesBuildPhase section */

/* Begin PBXVariantGroup section */
		923753D71789F59800B6C2C7 /* InfoPlist.strings */ = {
			isa = PBXVariantGroup;
			children = (
				923753D81789F59800B6C2C7 /* en */,
			);
			name = InfoPlist.strings;
			sourceTree = "<group>";
		};
/* End PBXVariantGroup section */

/* Begin XCBuildConfiguration section */
		923753E61789F59800B6C2C7 /* Debug */ = {
			isa = XCBuildConfiguration;
			buildSettings = {
				ALWAYS_SEARCH_USER_PATHS = NO;
				CLANG_CXX_LANGUAGE_STANDARD = "gnu++0x";
				CLANG_CXX_LIBRARY = "libc++";
				CLANG_WARN_CONSTANT_CONVERSION = YES;
				CLANG_WARN_EMPTY_BODY = YES;
				CLANG_WARN_ENUM_CONVERSION = YES;
				CLANG_WARN_INT_CONVERSION = YES;
				CLANG_WARN__DUPLICATE_METHOD_MATCH = YES;
				"CODE_SIGN_IDENTITY[sdk=iphoneos*]" = "iPhone Developer";
				COPY_PHASE_STRIP = NO;
				GCC_C_LANGUAGE_STANDARD = gnu99;
				GCC_DYNAMIC_NO_PIC = NO;
				GCC_OPTIMIZATION_LEVEL = 0;
				GCC_PREPROCESSOR_DEFINITIONS = (
					"DEBUG=1",
					"$(inherited)",
				);
				GCC_SYMBOLS_PRIVATE_EXTERN = NO;
				GCC_WARN_ABOUT_RETURN_TYPE = YES;
				GCC_WARN_UNINITIALIZED_AUTOS = YES;
				GCC_WARN_UNUSED_VARIABLE = YES;
				IPHONEOS_DEPLOYMENT_TARGET = 6.1;
				ONLY_ACTIVE_ARCH = YES;
				SDKROOT = iphoneos;
			};
			name = Debug;
		};
		923753E71789F59800B6C2C7 /* Release */ = {
			isa = XCBuildConfiguration;
			buildSettings = {
				ALWAYS_SEARCH_USER_PATHS = NO;
				CLANG_CXX_LANGUAGE_STANDARD = "gnu++0x";
				CLANG_CXX_LIBRARY = "libc++";
				CLANG_WARN_CONSTANT_CONVERSION = YES;
				CLANG_WARN_EMPTY_BODY = YES;
				CLANG_WARN_ENUM_CONVERSION = YES;
				CLANG_WARN_INT_CONVERSION = YES;
				CLANG_WARN__DUPLICATE_METHOD_MATCH = YES;
				"CODE_SIGN_IDENTITY[sdk=iphoneos*]" = "iPhone Developer";
				COPY_PHASE_STRIP = YES;
				GCC_C_LANGUAGE_STANDARD = gnu99;
				GCC_WARN_ABOUT_RETURN_TYPE = YES;
				GCC_WARN_UNINITIALIZED_AUTOS = YES;
				GCC_WARN_UNUSED_VARIABLE = YES;
				IPHONEOS_DEPLOYMENT_TARGET = 6.1;
				OTHER_CFLAGS = "-DNS_BLOCK_ASSERTIONS=1";
				SDKROOT = iphoneos;
				VALIDATE_PRODUCT = YES;
			};
			name = Release;
		};
		923753E91789F59800B6C2C7 /* Debug */ = {
			isa = XCBuildConfiguration;
			buildSettings = {
				GCC_PRECOMPILE_PREFIX_HEADER = YES;
				GCC_PREFIX_HEADER = "FootBallApps/FootBallApps-Prefix.pch";
				INFOPLIST_FILE = "FootBallApps/FootBallApps-Info.plist";
				PRODUCT_NAME = "$(TARGET_NAME)";
				WRAPPER_EXTENSION = app;
			};
			name = Debug;
		};
		923753EA1789F59800B6C2C7 /* Release */ = {
			isa = XCBuildConfiguration;
			buildSettings = {
				GCC_PRECOMPILE_PREFIX_HEADER = YES;
				GCC_PREFIX_HEADER = "FootBallApps/FootBallApps-Prefix.pch";
				INFOPLIST_FILE = "FootBallApps/FootBallApps-Info.plist";
				PRODUCT_NAME = "$(TARGET_NAME)";
				WRAPPER_EXTENSION = app;
			};
			name = Release;
		};
/* End XCBuildConfiguration section */

/* Begin XCConfigurationList section */
		923753C61789F59800B6C2C7 /* Build configuration list for PBXProject "FootBallApps" */ = {
			isa = XCConfigurationList;
			buildConfigurations = (
				923753E61789F59800B6C2C7 /* Debug */,
				923753E71789F59800B6C2C7 /* Release */,
			);
			defaultConfigurationIsVisible = 0;
			defaultConfigurationName = Release;
		};
		923753E81789F59800B6C2C7 /* Build configuration list for PBXNativeTarget "FootBallApps" */ = {
			isa = XCConfigurationList;
			buildConfigurations = (
				923753E91789F59800B6C2C7 /* Debug */,
				923753EA1789F59800B6C2C7 /* Release */,
			);
			defaultConfigurationIsVisible = 0;
		};
/* End XCConfigurationList section */
	};
	rootObject = 923753C31789F59800B6C2C7 /* Project object */;
}
